
Microsoft Visual Studio Solution File, Format Version 12.00
# Visual Studio Version 17
VisualStudioVersion = 17.4.33213.308
MinimumVisualStudioVersion = 10.0.40219.1
Project("{9A19103F-16F7-4668-BE54-9A1E7A4F7556}") = "Singleton", "Singleton\Singleton.csproj", "{2A3C3B60-AFF4-458D-8CE2-EF3C99820F46}"
EndProject
Project("{2150E333-8FDC-42A3-9474-1A3956D46DE8}") = "01-Creational", "01-Creational", "{855FE8FE-CFA2-4549-9511-B3EFF314131B}"
EndProject
Project("{2150E333-8FDC-42A3-9474-1A3956D46DE8}") = "01-Singleton", "01-Singleton", "{93A2D9AE-B28E-4EB9-B6DC-CBCFE6A0A752}"
EndProject
Project("{2150E333-8FDC-42A3-9474-1A3956D46DE8}") = "02-FactoryMethod", "02-FactoryMethod", "{19538F5F-AD32-43D0-9693-8A80A97A4E58}"
EndProject
Project("{9A19103F-16F7-4668-BE54-9A1E7A4F7556}") = "FactoryMethod", "FactoryMethod\FactoryMethod.csproj", "{BCF33D7C-55D0-44F7-B8D0-6BA0FE1D7250}"
EndProject
Project("{2150E333-8FDC-42A3-9474-1A3956D46DE8}") = "03-AbstractFactory", "03-AbstractFactory", "{2787555B-0582-459C-B68B-D7938FD7387B}"
EndProject
Project("{9A19103F-16F7-4668-BE54-9A1E7A4F7556}") = "AbstractFactory", "AbstractFactory\AbstractFactory.csproj", "{87DF2F6F-648C-48F9-A832-5D22AEC85ED8}"
EndProject
Project("{2150E333-8FDC-42A3-9474-1A3956D46DE8}") = "04-Builder", "04-Builder", "{567EF088-4029-497B-AB0B-0E10925017E1}"
EndProject
Project("{9A19103F-16F7-4668-BE54-9A1E7A4F7556}") = "Builder", "Builder\Builder.csproj", "{C4F4DD43-C56F-48E6-9FCA-E3778315E515}"
EndProject
Project("{2150E333-8FDC-42A3-9474-1A3956D46DE8}") = "05-Prototype", "05-Prototype", "{643BB25E-3304-4BC1-A2A8-066F188A0957}"
EndProject
Project("{9A19103F-16F7-4668-BE54-9A1E7A4F7556}") = "Prototype", "Prototype\Prototype.csproj", "{D1763D0D-916F-4A52-88A0-6EC9B6B792BA}"
EndProject
Project("{2150E333-8FDC-42A3-9474-1A3956D46DE8}") = "02-Structural Pattern", "02-Structural Pattern", "{40814948-5FBE-49DA-819E-653A4131C0CA}"
EndProject
Project("{2150E333-8FDC-42A3-9474-1A3956D46DE8}") = "01-Adapter", "01-Adapter", "{D7F59B03-2BD6-4BD6-9168-8CCEACF8572B}"
EndProject
Project("{9A19103F-16F7-4668-BE54-9A1E7A4F7556}") = "Adapter", "Adapter\Adapter.csproj", "{0AAA95A6-DB02-46CD-9228-B4E0A0D70359}"
EndProject
Project("{2150E333-8FDC-42A3-9474-1A3956D46DE8}") = "02-Bridge", "02-Bridge", "{20C1D377-5941-4AB0-95D9-7231331E19B7}"
EndProject
Project("{9A19103F-16F7-4668-BE54-9A1E7A4F7556}") = "Bridge", "Bridge\Bridge.csproj", "{5B1EABC9-1E66-4619-9765-B25D4572E280}"
EndProject
Project("{2150E333-8FDC-42A3-9474-1A3956D46DE8}") = "03-Decorator", "03-Decorator", "{BFF6C3AF-66E3-40E5-ADDF-D6D4F235F654}"
EndProject
Project("{9A19103F-16F7-4668-BE54-9A1E7A4F7556}") = "Decorator", "Decorator\Decorator.csproj", "{CD7E8537-A214-4466-B5BA-BDED932F0C25}"
EndProject
Project("{2150E333-8FDC-42A3-9474-1A3956D46DE8}") = "04-Composite", "04-Composite", "{13E9817A-FADC-45A2-9E34-277991A8CAD6}"
EndProject
Project("{9A19103F-16F7-4668-BE54-9A1E7A4F7556}") = "Composite", "Composite\Composite.csproj", "{5D58A044-84B2-48AC-8BCF-3370D9871A06}"
EndProject
Project("{2150E333-8FDC-42A3-9474-1A3956D46DE8}") = "05-Facade", "05-Facade", "{29293399-C9EE-4114-8AF9-7855A72B3A49}"
EndProject
Project("{9A19103F-16F7-4668-BE54-9A1E7A4F7556}") = "Facade", "Facade\Facade.csproj", "{F4F632E9-BC83-49D5-8A39-513485835AED}"
EndProject
Project("{2150E333-8FDC-42A3-9474-1A3956D46DE8}") = "06-Proxy", "06-Proxy", "{F87D0763-6E0F-4ED1-9EFD-4D5EF074C710}"
EndProject
Project("{9A19103F-16F7-4668-BE54-9A1E7A4F7556}") = "Proxy", "Proxy\Proxy.csproj", "{9DD91CAE-6AAD-454C-81CE-B92FBDDF0FEE}"
EndProject
Project("{2150E333-8FDC-42A3-9474-1A3956D46DE8}") = "07-Flyweight", "07-Flyweight", "{27071F71-9C5F-4147-BC2A-5B2D83653672}"
EndProject
Project("{9A19103F-16F7-4668-BE54-9A1E7A4F7556}") = "Flyweight", "Flyweight\Flyweight.csproj", "{0BB6D492-367B-4C3D-BED6-22F3A2A83227}"
EndProject
Project("{2150E333-8FDC-42A3-9474-1A3956D46DE8}") = "03-Behavioral Pattern", "03-Behavioral Pattern", "{8C6C9606-4194-4F58-93D2-1DAE93103069}"
EndProject
Project("{2150E333-8FDC-42A3-9474-1A3956D46DE8}") = "01-TemplateMethod", "01-TemplateMethod", "{5DA09261-B67B-479D-BEE8-903016100E04}"
EndProject
Project("{9A19103F-16F7-4668-BE54-9A1E7A4F7556}") = "TemplateMethod", "TemplateMethod\TemplateMethod.csproj", "{4670E497-7196-4E20-8AB9-DF92CDB8C083}"
EndProject
Project("{2150E333-8FDC-42A3-9474-1A3956D46DE8}") = "02-Strategy", "02-Strategy", "{F4E51D79-4F47-4811-A3B9-C7129EB414D7}"
EndProject
Project("{FAE04EC0-301F-11D3-BF4B-00C04F79EFBC}") = "Strategy", "Strategy\Strategy.csproj", "{122E0357-54BF-4710-B090-74F6350F735B}"
EndProject
Project("{2150E333-8FDC-42A3-9474-1A3956D46DE8}") = "03-Command", "03-Command", "{17CAF12F-25DE-4852-BA38-60E65E0F3324}"
EndProject
Project("{FAE04EC0-301F-11D3-BF4B-00C04F79EFBC}") = "Command", "Command\Command.csproj", "{CB1D3795-1E8C-4519-97E8-4F097779BED1}"
EndProject
Project("{2150E333-8FDC-42A3-9474-1A3956D46DE8}") = "04-Memento", "04-Memento", "{1B757CF8-1123-4BBE-9A3E-48042BC338AB}"
EndProject
Project("{FAE04EC0-301F-11D3-BF4B-00C04F79EFBC}") = "Memento", "Memento\Memento.csproj", "{73EAD2BA-6336-4DA1-A02C-D4EA104EFF55}"
EndProject
Project("{2150E333-8FDC-42A3-9474-1A3956D46DE8}") = "05-Mediator", "05-Mediator", "{A95F8958-0C35-4FE0-B2C8-07E0B6D2C69A}"
EndProject
Project("{FAE04EC0-301F-11D3-BF4B-00C04F79EFBC}") = "Mediator", "Mediator\Mediator.csproj", "{A035E57C-83D6-4B67-B552-1F4AA827598B}"
EndProject
Project("{2150E333-8FDC-42A3-9474-1A3956D46DE8}") = "06-Chain of Responsibility", "06-Chain of Responsibility", "{C7016113-A9BC-42EC-96C9-7B7B504A86FC}"
EndProject
Project("{FAE04EC0-301F-11D3-BF4B-00C04F79EFBC}") = "ChainOfResponsibility", "ChainOfResponsibility\ChainOfResponsibility.csproj", "{486D27DD-B4A9-46D2-B9F5-BF8855A35A96}"
EndProject
Project("{2150E333-8FDC-42A3-9474-1A3956D46DE8}") = "07-Observer", "07-Observer", "{5D7DE817-D77A-49AD-99BB-39D891BA59E1}"
EndProject
Project("{FAE04EC0-301F-11D3-BF4B-00C04F79EFBC}") = "Observer", "Observer\Observer.csproj", "{35566DEA-3CE5-4682-83F2-0679C0DB4AB9}"
EndProject
Project("{2150E333-8FDC-42A3-9474-1A3956D46DE8}") = "08-State", "08-State", "{BA730705-7157-418C-A483-8D4EA6DC1E42}"
EndProject
Project("{FAE04EC0-301F-11D3-BF4B-00C04F79EFBC}") = "State", "State\State.csproj", "{0ED223C5-58E9-461E-B59B-B7E3FFE2D015}"
EndProject
Project("{2150E333-8FDC-42A3-9474-1A3956D46DE8}") = "09-Iterator", "09-Iterator", "{92FA0FDF-FB3D-4A26-A295-5C21436A6464}"
EndProject
Project("{FAE04EC0-301F-11D3-BF4B-00C04F79EFBC}") = "Iterator", "Iterator\Iterator.csproj", "{1C061887-D4DE-45AB-8D3C-FA1733A27975}"
EndProject
Project("{2150E333-8FDC-42A3-9474-1A3956D46DE8}") = "10-Visitor", "10-Visitor", "{E3D9FC79-620D-4388-8ADF-DBCCC4C97C95}"
EndProject
Project("{FAE04EC0-301F-11D3-BF4B-00C04F79EFBC}") = "Visitor", "Visitor\Visitor.csproj", "{EDD27D75-FAE5-484B-8E02-8CF3E43EBFC5}"
EndProject
Project("{2150E333-8FDC-42A3-9474-1A3956D46DE8}") = "11-Interpreter", "11-Interpreter", "{D2963495-C9A1-4B49-8177-8921A8CDCFE2}"
EndProject
Project("{FAE04EC0-301F-11D3-BF4B-00C04F79EFBC}") = "Interpreter", "Interpreter\Interpreter.csproj", "{259EE074-A276-4FA9-91AE-DD02CF005C32}"
EndProject
Global
	GlobalSection(SolutionConfigurationPlatforms) = preSolution
		Debug|Any CPU = Debug|Any CPU
		Release|Any CPU = Release|Any CPU
	EndGlobalSection
	GlobalSection(ProjectConfigurationPlatforms) = postSolution
		{2A3C3B60-AFF4-458D-8CE2-EF3C99820F46}.Debug|Any CPU.ActiveCfg = Debug|Any CPU
		{2A3C3B60-AFF4-458D-8CE2-EF3C99820F46}.Debug|Any CPU.Build.0 = Debug|Any CPU
		{2A3C3B60-AFF4-458D-8CE2-EF3C99820F46}.Release|Any CPU.ActiveCfg = Release|Any CPU
		{2A3C3B60-AFF4-458D-8CE2-EF3C99820F46}.Release|Any CPU.Build.0 = Release|Any CPU
		{BCF33D7C-55D0-44F7-B8D0-6BA0FE1D7250}.Debug|Any CPU.ActiveCfg = Debug|Any CPU
		{BCF33D7C-55D0-44F7-B8D0-6BA0FE1D7250}.Debug|Any CPU.Build.0 = Debug|Any CPU
		{BCF33D7C-55D0-44F7-B8D0-6BA0FE1D7250}.Release|Any CPU.ActiveCfg = Release|Any CPU
		{BCF33D7C-55D0-44F7-B8D0-6BA0FE1D7250}.Release|Any CPU.Build.0 = Release|Any CPU
		{87DF2F6F-648C-48F9-A832-5D22AEC85ED8}.Debug|Any CPU.ActiveCfg = Debug|Any CPU
		{87DF2F6F-648C-48F9-A832-5D22AEC85ED8}.Debug|Any CPU.Build.0 = Debug|Any CPU
		{87DF2F6F-648C-48F9-A832-5D22AEC85ED8}.Release|Any CPU.ActiveCfg = Release|Any CPU
		{87DF2F6F-648C-48F9-A832-5D22AEC85ED8}.Release|Any CPU.Build.0 = Release|Any CPU
		{C4F4DD43-C56F-48E6-9FCA-E3778315E515}.Debug|Any CPU.ActiveCfg = Debug|Any CPU
		{C4F4DD43-C56F-48E6-9FCA-E3778315E515}.Debug|Any CPU.Build.0 = Debug|Any CPU
		{C4F4DD43-C56F-48E6-9FCA-E3778315E515}.Release|Any CPU.ActiveCfg = Release|Any CPU
		{C4F4DD43-C56F-48E6-9FCA-E3778315E515}.Release|Any CPU.Build.0 = Release|Any CPU
		{D1763D0D-916F-4A52-88A0-6EC9B6B792BA}.Debug|Any CPU.ActiveCfg = Debug|Any CPU
		{D1763D0D-916F-4A52-88A0-6EC9B6B792BA}.Debug|Any CPU.Build.0 = Debug|Any CPU
		{D1763D0D-916F-4A52-88A0-6EC9B6B792BA}.Release|Any CPU.ActiveCfg = Release|Any CPU
		{D1763D0D-916F-4A52-88A0-6EC9B6B792BA}.Release|Any CPU.Build.0 = Release|Any CPU
		{0AAA95A6-DB02-46CD-9228-B4E0A0D70359}.Debug|Any CPU.ActiveCfg = Debug|Any CPU
		{0AAA95A6-DB02-46CD-9228-B4E0A0D70359}.Debug|Any CPU.Build.0 = Debug|Any CPU
		{0AAA95A6-DB02-46CD-9228-B4E0A0D70359}.Release|Any CPU.ActiveCfg = Release|Any CPU
		{0AAA95A6-DB02-46CD-9228-B4E0A0D70359}.Release|Any CPU.Build.0 = Release|Any CPU
		{5B1EABC9-1E66-4619-9765-B25D4572E280}.Debug|Any CPU.ActiveCfg = Debug|Any CPU
		{5B1EABC9-1E66-4619-9765-B25D4572E280}.Debug|Any CPU.Build.0 = Debug|Any CPU
		{5B1EABC9-1E66-4619-9765-B25D4572E280}.Release|Any CPU.ActiveCfg = Release|Any CPU
		{5B1EABC9-1E66-4619-9765-B25D4572E280}.Release|Any CPU.Build.0 = Release|Any CPU
		{CD7E8537-A214-4466-B5BA-BDED932F0C25}.Debug|Any CPU.ActiveCfg = Debug|Any CPU
		{CD7E8537-A214-4466-B5BA-BDED932F0C25}.Debug|Any CPU.Build.0 = Debug|Any CPU
		{CD7E8537-A214-4466-B5BA-BDED932F0C25}.Release|Any CPU.ActiveCfg = Release|Any CPU
		{CD7E8537-A214-4466-B5BA-BDED932F0C25}.Release|Any CPU.Build.0 = Release|Any CPU
		{5D58A044-84B2-48AC-8BCF-3370D9871A06}.Debug|Any CPU.ActiveCfg = Debug|Any CPU
		{5D58A044-84B2-48AC-8BCF-3370D9871A06}.Debug|Any CPU.Build.0 = Debug|Any CPU
		{5D58A044-84B2-48AC-8BCF-3370D9871A06}.Release|Any CPU.ActiveCfg = Release|Any CPU
		{5D58A044-84B2-48AC-8BCF-3370D9871A06}.Release|Any CPU.Build.0 = Release|Any CPU
		{F4F632E9-BC83-49D5-8A39-513485835AED}.Debug|Any CPU.ActiveCfg = Debug|Any CPU
		{F4F632E9-BC83-49D5-8A39-513485835AED}.Debug|Any CPU.Build.0 = Debug|Any CPU
		{F4F632E9-BC83-49D5-8A39-513485835AED}.Release|Any CPU.ActiveCfg = Release|Any CPU
		{F4F632E9-BC83-49D5-8A39-513485835AED}.Release|Any CPU.Build.0 = Release|Any CPU
		{9DD91CAE-6AAD-454C-81CE-B92FBDDF0FEE}.Debug|Any CPU.ActiveCfg = Debug|Any CPU
		{9DD91CAE-6AAD-454C-81CE-B92FBDDF0FEE}.Debug|Any CPU.Build.0 = Debug|Any CPU
		{9DD91CAE-6AAD-454C-81CE-B92FBDDF0FEE}.Release|Any CPU.ActiveCfg = Release|Any CPU
		{9DD91CAE-6AAD-454C-81CE-B92FBDDF0FEE}.Release|Any CPU.Build.0 = Release|Any CPU
		{0BB6D492-367B-4C3D-BED6-22F3A2A83227}.Debug|Any CPU.ActiveCfg = Debug|Any CPU
		{0BB6D492-367B-4C3D-BED6-22F3A2A83227}.Debug|Any CPU.Build.0 = Debug|Any CPU
		{0BB6D492-367B-4C3D-BED6-22F3A2A83227}.Release|Any CPU.ActiveCfg = Release|Any CPU
		{0BB6D492-367B-4C3D-BED6-22F3A2A83227}.Release|Any CPU.Build.0 = Release|Any CPU
		{4670E497-7196-4E20-8AB9-DF92CDB8C083}.Debug|Any CPU.ActiveCfg = Debug|Any CPU
		{4670E497-7196-4E20-8AB9-DF92CDB8C083}.Debug|Any CPU.Build.0 = Debug|Any CPU
		{4670E497-7196-4E20-8AB9-DF92CDB8C083}.Release|Any CPU.ActiveCfg = Release|Any CPU
		{4670E497-7196-4E20-8AB9-DF92CDB8C083}.Release|Any CPU.Build.0 = Release|Any CPU
		{122E0357-54BF-4710-B090-74F6350F735B}.Debug|Any CPU.ActiveCfg = Debug|Any CPU
		{122E0357-54BF-4710-B090-74F6350F735B}.Debug|Any CPU.Build.0 = Debug|Any CPU
		{122E0357-54BF-4710-B090-74F6350F735B}.Release|Any CPU.ActiveCfg = Release|Any CPU
		{122E0357-54BF-4710-B090-74F6350F735B}.Release|Any CPU.Build.0 = Release|Any CPU
		{CB1D3795-1E8C-4519-97E8-4F097779BED1}.Debug|Any CPU.ActiveCfg = Debug|Any CPU
		{CB1D3795-1E8C-4519-97E8-4F097779BED1}.Debug|Any CPU.Build.0 = Debug|Any CPU
		{CB1D3795-1E8C-4519-97E8-4F097779BED1}.Release|Any CPU.ActiveCfg = Release|Any CPU
		{CB1D3795-1E8C-4519-97E8-4F097779BED1}.Release|Any CPU.Build.0 = Release|Any CPU
		{73EAD2BA-6336-4DA1-A02C-D4EA104EFF55}.Debug|Any CPU.ActiveCfg = Debug|Any CPU
		{73EAD2BA-6336-4DA1-A02C-D4EA104EFF55}.Debug|Any CPU.Build.0 = Debug|Any CPU
		{73EAD2BA-6336-4DA1-A02C-D4EA104EFF55}.Release|Any CPU.ActiveCfg = Release|Any CPU
		{73EAD2BA-6336-4DA1-A02C-D4EA104EFF55}.Release|Any CPU.Build.0 = Release|Any CPU
		{A035E57C-83D6-4B67-B552-1F4AA827598B}.Debug|Any CPU.ActiveCfg = Debug|Any CPU
		{A035E57C-83D6-4B67-B552-1F4AA827598B}.Debug|Any CPU.Build.0 = Debug|Any CPU
		{A035E57C-83D6-4B67-B552-1F4AA827598B}.Release|Any CPU.ActiveCfg = Release|Any CPU
		{A035E57C-83D6-4B67-B552-1F4AA827598B}.Release|Any CPU.Build.0 = Release|Any CPU
		{486D27DD-B4A9-46D2-B9F5-BF8855A35A96}.Debug|Any CPU.ActiveCfg = Debug|Any CPU
		{486D27DD-B4A9-46D2-B9F5-BF8855A35A96}.Debug|Any CPU.Build.0 = Debug|Any CPU
		{486D27DD-B4A9-46D2-B9F5-BF8855A35A96}.Release|Any CPU.ActiveCfg = Release|Any CPU
		{486D27DD-B4A9-46D2-B9F5-BF8855A35A96}.Release|Any CPU.Build.0 = Release|Any CPU
		{35566DEA-3CE5-4682-83F2-0679C0DB4AB9}.Debug|Any CPU.ActiveCfg = Debug|Any CPU
		{35566DEA-3CE5-4682-83F2-0679C0DB4AB9}.Debug|Any CPU.Build.0 = Debug|Any CPU
		{35566DEA-3CE5-4682-83F2-0679C0DB4AB9}.Release|Any CPU.ActiveCfg = Release|Any CPU
		{35566DEA-3CE5-4682-83F2-0679C0DB4AB9}.Release|Any CPU.Build.0 = Release|Any CPU
		{0ED223C5-58E9-461E-B59B-B7E3FFE2D015}.Debug|Any CPU.ActiveCfg = Debug|Any CPU
		{0ED223C5-58E9-461E-B59B-B7E3FFE2D015}.Debug|Any CPU.Build.0 = Debug|Any CPU
		{0ED223C5-58E9-461E-B59B-B7E3FFE2D015}.Release|Any CPU.ActiveCfg = Release|Any CPU
		{0ED223C5-58E9-461E-B59B-B7E3FFE2D015}.Release|Any CPU.Build.0 = Release|Any CPU
		{1C061887-D4DE-45AB-8D3C-FA1733A27975}.Debug|Any CPU.ActiveCfg = Debug|Any CPU
		{1C061887-D4DE-45AB-8D3C-FA1733A27975}.Debug|Any CPU.Build.0 = Debug|Any CPU
		{1C061887-D4DE-45AB-8D3C-FA1733A27975}.Release|Any CPU.ActiveCfg = Release|Any CPU
		{1C061887-D4DE-45AB-8D3C-FA1733A27975}.Release|Any CPU.Build.0 = Release|Any CPU
		{EDD27D75-FAE5-484B-8E02-8CF3E43EBFC5}.Debug|Any CPU.ActiveCfg = Debug|Any CPU
		{EDD27D75-FAE5-484B-8E02-8CF3E43EBFC5}.Debug|Any CPU.Build.0 = Debug|Any CPU
		{EDD27D75-FAE5-484B-8E02-8CF3E43EBFC5}.Release|Any CPU.ActiveCfg = Release|Any CPU
		{EDD27D75-FAE5-484B-8E02-8CF3E43EBFC5}.Release|Any CPU.Build.0 = Release|Any CPU
		{259EE074-A276-4FA9-91AE-DD02CF005C32}.Debug|Any CPU.ActiveCfg = Debug|Any CPU
		{259EE074-A276-4FA9-91AE-DD02CF005C32}.Debug|Any CPU.Build.0 = Debug|Any CPU
		{259EE074-A276-4FA9-91AE-DD02CF005C32}.Release|Any CPU.ActiveCfg = Release|Any CPU
		{259EE074-A276-4FA9-91AE-DD02CF005C32}.Release|Any CPU.Build.0 = Release|Any CPU
	EndGlobalSection
	GlobalSection(SolutionProperties) = preSolution
		HideSolutionNode = FALSE
	EndGlobalSection
	GlobalSection(NestedProjects) = preSolution
		{2A3C3B60-AFF4-458D-8CE2-EF3C99820F46} = {93A2D9AE-B28E-4EB9-B6DC-CBCFE6A0A752}
		{93A2D9AE-B28E-4EB9-B6DC-CBCFE6A0A752} = {855FE8FE-CFA2-4549-9511-B3EFF314131B}
		{19538F5F-AD32-43D0-9693-8A80A97A4E58} = {855FE8FE-CFA2-4549-9511-B3EFF314131B}
		{BCF33D7C-55D0-44F7-B8D0-6BA0FE1D7250} = {19538F5F-AD32-43D0-9693-8A80A97A4E58}
		{2787555B-0582-459C-B68B-D7938FD7387B} = {855FE8FE-CFA2-4549-9511-B3EFF314131B}
		{87DF2F6F-648C-48F9-A832-5D22AEC85ED8} = {2787555B-0582-459C-B68B-D7938FD7387B}
		{567EF088-4029-497B-AB0B-0E10925017E1} = {855FE8FE-CFA2-4549-9511-B3EFF314131B}
		{C4F4DD43-C56F-48E6-9FCA-E3778315E515} = {567EF088-4029-497B-AB0B-0E10925017E1}
		{643BB25E-3304-4BC1-A2A8-066F188A0957} = {855FE8FE-CFA2-4549-9511-B3EFF314131B}
		{D1763D0D-916F-4A52-88A0-6EC9B6B792BA} = {643BB25E-3304-4BC1-A2A8-066F188A0957}
		{D7F59B03-2BD6-4BD6-9168-8CCEACF8572B} = {40814948-5FBE-49DA-819E-653A4131C0CA}
		{0AAA95A6-DB02-46CD-9228-B4E0A0D70359} = {D7F59B03-2BD6-4BD6-9168-8CCEACF8572B}
		{20C1D377-5941-4AB0-95D9-7231331E19B7} = {40814948-5FBE-49DA-819E-653A4131C0CA}
		{5B1EABC9-1E66-4619-9765-B25D4572E280} = {20C1D377-5941-4AB0-95D9-7231331E19B7}
		{BFF6C3AF-66E3-40E5-ADDF-D6D4F235F654} = {40814948-5FBE-49DA-819E-653A4131C0CA}
		{CD7E8537-A214-4466-B5BA-BDED932F0C25} = {BFF6C3AF-66E3-40E5-ADDF-D6D4F235F654}
		{13E9817A-FADC-45A2-9E34-277991A8CAD6} = {40814948-5FBE-49DA-819E-653A4131C0CA}
		{5D58A044-84B2-48AC-8BCF-3370D9871A06} = {13E9817A-FADC-45A2-9E34-277991A8CAD6}
		{29293399-C9EE-4114-8AF9-7855A72B3A49} = {40814948-5FBE-49DA-819E-653A4131C0CA}
		{F4F632E9-BC83-49D5-8A39-513485835AED} = {29293399-C9EE-4114-8AF9-7855A72B3A49}
		{F87D0763-6E0F-4ED1-9EFD-4D5EF074C710} = {40814948-5FBE-49DA-819E-653A4131C0CA}
		{9DD91CAE-6AAD-454C-81CE-B92FBDDF0FEE} = {F87D0763-6E0F-4ED1-9EFD-4D5EF074C710}
		{27071F71-9C5F-4147-BC2A-5B2D83653672} = {40814948-5FBE-49DA-819E-653A4131C0CA}
		{0BB6D492-367B-4C3D-BED6-22F3A2A83227} = {27071F71-9C5F-4147-BC2A-5B2D83653672}
		{5DA09261-B67B-479D-BEE8-903016100E04} = {8C6C9606-4194-4F58-93D2-1DAE93103069}
		{4670E497-7196-4E20-8AB9-DF92CDB8C083} = {5DA09261-B67B-479D-BEE8-903016100E04}
		{F4E51D79-4F47-4811-A3B9-C7129EB414D7} = {8C6C9606-4194-4F58-93D2-1DAE93103069}
		{122E0357-54BF-4710-B090-74F6350F735B} = {F4E51D79-4F47-4811-A3B9-C7129EB414D7}
		{17CAF12F-25DE-4852-BA38-60E65E0F3324} = {8C6C9606-4194-4F58-93D2-1DAE93103069}
		{CB1D3795-1E8C-4519-97E8-4F097779BED1} = {17CAF12F-25DE-4852-BA38-60E65E0F3324}
		{1B757CF8-1123-4BBE-9A3E-48042BC338AB} = {8C6C9606-4194-4F58-93D2-1DAE93103069}
		{73EAD2BA-6336-4DA1-A02C-D4EA104EFF55} = {1B757CF8-1123-4BBE-9A3E-48042BC338AB}
		{A95F8958-0C35-4FE0-B2C8-07E0B6D2C69A} = {8C6C9606-4194-4F58-93D2-1DAE93103069}
		{A035E57C-83D6-4B67-B552-1F4AA827598B} = {A95F8958-0C35-4FE0-B2C8-07E0B6D2C69A}
		{C7016113-A9BC-42EC-96C9-7B7B504A86FC} = {8C6C9606-4194-4F58-93D2-1DAE93103069}
		{486D27DD-B4A9-46D2-B9F5-BF8855A35A96} = {C7016113-A9BC-42EC-96C9-7B7B504A86FC}
		{5D7DE817-D77A-49AD-99BB-39D891BA59E1} = {8C6C9606-4194-4F58-93D2-1DAE93103069}
		{35566DEA-3CE5-4682-83F2-0679C0DB4AB9} = {5D7DE817-D77A-49AD-99BB-39D891BA59E1}
		{BA730705-7157-418C-A483-8D4EA6DC1E42} = {8C6C9606-4194-4F58-93D2-1DAE93103069}
		{0ED223C5-58E9-461E-B59B-B7E3FFE2D015} = {BA730705-7157-418C-A483-8D4EA6DC1E42}
		{92FA0FDF-FB3D-4A26-A295-5C21436A6464} = {8C6C9606-4194-4F58-93D2-1DAE93103069}
		{1C061887-D4DE-45AB-8D3C-FA1733A27975} = {92FA0FDF-FB3D-4A26-A295-5C21436A6464}
		{E3D9FC79-620D-4388-8ADF-DBCCC4C97C95} = {8C6C9606-4194-4F58-93D2-1DAE93103069}
		{EDD27D75-FAE5-484B-8E02-8CF3E43EBFC5} = {E3D9FC79-620D-4388-8ADF-DBCCC4C97C95}
		{D2963495-C9A1-4B49-8177-8921A8CDCFE2} = {8C6C9606-4194-4F58-93D2-1DAE93103069}
		{259EE074-A276-4FA9-91AE-DD02CF005C32} = {D2963495-C9A1-4B49-8177-8921A8CDCFE2}
	EndGlobalSection
	GlobalSection(ExtensibilityGlobals) = postSolution
		SolutionGuid = {1EF073F6-C7A1-48CE-AB3A-1D6603021250}
	EndGlobalSection
EndGlobal
